// !$*UTF8*$!
{
	archiveVersion = 1;
	classes = {
	};
	objectVersion = 51;
	objects = {

/* Begin PBXBuildFile section */
		C3E19E057E3D1EF59B65038D /* Pods_PatBudget.framework in Frameworks */ = {isa = PBXBuildFile; fileRef = B4335EE3C5B5C51DCD98D4B1 /* Pods_PatBudget.framework */; };
		EC81C449260BA0740054153C /* PatBudgetApp.swift in Sources */ = {isa = PBXBuildFile; fileRef = EC81C448260BA0740054153C /* PatBudgetApp.swift */; };
		EC81C44B260BA0740054153C /* ContentView.swift in Sources */ = {isa = PBXBuildFile; fileRef = EC81C44A260BA0740054153C /* ContentView.swift */; };
		EC81C44D260BA0790054153C /* Assets.xcassets in Resources */ = {isa = PBXBuildFile; fileRef = EC81C44C260BA0790054153C /* Assets.xcassets */; };
		EC81C450260BA0790054153C /* Preview Assets.xcassets in Resources */ = {isa = PBXBuildFile; fileRef = EC81C44F260BA0790054153C /* Preview Assets.xcassets */; };
		EC81C459260BA31B0054153C /* GoogleService-Info.plist in Resources */ = {isa = PBXBuildFile; fileRef = EC81C458260BA31B0054153C /* GoogleService-Info.plist */; };
/* End PBXBuildFile section */

/* Begin PBXFileReference section */
		4B0906AAA63A235A5ECE1DB3 /* Pods-PatBudget.release.xcconfig */ = {isa = PBXFileReference; includeInIndex = 1; lastKnownFileType = text.xcconfig; name = "Pods-PatBudget.release.xcconfig"; path = "Target Support Files/Pods-PatBudget/Pods-PatBudget.release.xcconfig"; sourceTree = "<group>"; };
		B4335EE3C5B5C51DCD98D4B1 /* Pods_PatBudget.framework */ = {isa = PBXFileReference; explicitFileType = wrapper.framework; includeInIndex = 0; path = Pods_PatBudget.framework; sourceTree = BUILT_PRODUCTS_DIR; };
		B95289DC1D9E5D2A68C13C9D /* Pods-PatBudget.debug.xcconfig */ = {isa = PBXFileReference; includeInIndex = 1; lastKnownFileType = text.xcconfig; name = "Pods-PatBudget.debug.xcconfig"; path = "Target Support Files/Pods-PatBudget/Pods-PatBudget.debug.xcconfig"; sourceTree = "<group>"; };
		EC81C445260BA0740054153C /* PatBudget.app */ = {isa = PBXFileReference; explicitFileType = wrapper.application; includeInIndex = 0; path = PatBudget.app; sourceTree = BUILT_PRODUCTS_DIR; };
		EC81C448260BA0740054153C /* PatBudgetApp.swift */ = {isa = PBXFileReference; lastKnownFileType = sourcecode.swift; path = PatBudgetApp.swift; sourceTree = "<group>"; };
		EC81C44A260BA0740054153C /* ContentView.swift */ = {isa = PBXFileReference; lastKnownFileType = sourcecode.swift; path = ContentView.swift; sourceTree = "<group>"; };
		EC81C44C260BA0790054153C /* Assets.xcassets */ = {isa = PBXFileReference; lastKnownFileType = folder.assetcatalog; path = Assets.xcassets; sourceTree = "<group>"; };
		EC81C44F260BA0790054153C /* Preview Assets.xcassets */ = {isa = PBXFileReference; lastKnownFileType = folder.assetcatalog; path = "Preview Assets.xcassets"; sourceTree = "<group>"; };
		EC81C451260BA0790054153C /* Info.plist */ = {isa = PBXFileReference; lastKnownFileType = text.plist.xml; path = Info.plist; sourceTree = "<group>"; };
		EC81C458260BA31B0054153C /* GoogleService-Info.plist */ = {isa = PBXFileReference; fileEncoding = 4; lastKnownFileType = text.plist.xml; path = "GoogleService-Info.plist"; sourceTree = "<group>"; };
/* End PBXFileReference section */

/* Begin PBXFrameworksBuildPhase section */
		EC81C442260BA0740054153C /* Frameworks */ = {
			isa = PBXFrameworksBuildPhase;
			buildActionMask = 2147483647;
			files = (
				C3E19E057E3D1EF59B65038D /* Pods_PatBudget.framework in Frameworks */,
			);
			runOnlyForDeploymentPostprocessing = 0;
		};
/* End PBXFrameworksBuildPhase section */

/* Begin PBXGroup section */
		19B8A406CD98B13A144A4A10 /* Pods */ = {
			isa = PBXGroup;
			children = (
				B95289DC1D9E5D2A68C13C9D /* Pods-PatBudget.debug.xcconfig */,
				4B0906AAA63A235A5ECE1DB3 /* Pods-PatBudget.release.xcconfig */,
			);
			path = Pods;
			sourceTree = "<group>";
		};
		AA29B7A7C25C39492E44B22C /* Frameworks */ = {
			isa = PBXGroup;
			children = (
				B4335EE3C5B5C51DCD98D4B1 /* Pods_PatBudget.framework */,
			);
			name = Frameworks;
			sourceTree = "<group>";
		};
		EC68CB2F260CD77800AB2784 /* Views */ = {
			isa = PBXGroup;
			children = (
				EC81C44A260BA0740054153C /* ContentView.swift */,
			);
			path = Views;
			sourceTree = "<group>";
		};
		EC81C43C260BA0740054153C = {
			isa = PBXGroup;
			children = (
				EC81C447260BA0740054153C /* PatBudget */,
				EC81C446260BA0740054153C /* Products */,
				19B8A406CD98B13A144A4A10 /* Pods */,
				AA29B7A7C25C39492E44B22C /* Frameworks */,
			);
			sourceTree = "<group>";
		};
		EC81C446260BA0740054153C /* Products */ = {
			isa = PBXGroup;
			children = (
				EC81C445260BA0740054153C /* PatBudget.app */,
			);
			name = Products;
			sourceTree = "<group>";
		};
		EC81C447260BA0740054153C /* PatBudget */ = {
			isa = PBXGroup;
			children = (
				EC68CB2F260CD77800AB2784 /* Views */,
				EC81C458260BA31B0054153C /* GoogleService-Info.plist */,
				EC81C448260BA0740054153C /* PatBudgetApp.swift */,
				EC81C44C260BA0790054153C /* Assets.xcassets */,
				EC81C451260BA0790054153C /* Info.plist */,
				EC81C44E260BA0790054153C /* Preview Content */,
			);
			path = PatBudget;
			sourceTree = "<group>";
		};
		EC81C44E260BA0790054153C /* Preview Content */ = {
			isa = PBXGroup;
			children = (
				EC81C44F260BA0790054153C /* Preview Assets.xcassets */,
			);
			path = "Preview Content";
			sourceTree = "<group>";
		};
/* End PBXGroup section */

/* Begin PBXNativeTarget section */
		EC81C444260BA0740054153C /* PatBudget */ = {
			isa = PBXNativeTarget;
			buildConfigurationList = EC81C454260BA0790054153C /* Build configuration list for PBXNativeTarget "PatBudget" */;
			buildPhases = (
				9B055ABA3F0B13E01F78D943 /* [CP] Check Pods Manifest.lock */,
				EC81C441260BA0740054153C /* Sources */,
				EC81C442260BA0740054153C /* Frameworks */,
				EC81C443260BA0740054153C /* Resources */,
				B81738C94DDB1CEA45DF74B7 /* [CP] Embed Pods Frameworks */,
			);
			buildRules = (
			);
			dependencies = (
			);
			name = PatBudget;
			productName = PatBudget;
			productReference = EC81C445260BA0740054153C /* PatBudget.app */;
			productType = "com.apple.product-type.application";
		};
/* End PBXNativeTarget section */

/* Begin PBXProject section */
		EC81C43D260BA0740054153C /* Project object */ = {
			isa = PBXProject;
			attributes = {
				LastSwiftUpdateCheck = 1240;
				LastUpgradeCheck = 1240;
				TargetAttributes = {
					EC81C444260BA0740054153C = {
						CreatedOnToolsVersion = 12.4;
					};
				};
			};
			buildConfigurationList = EC81C440260BA0740054153C /* Build configuration list for PBXProject "PatBudget" */;
			compatibilityVersion = "Xcode 9.3";
			developmentRegion = en;
			hasScannedForEncodings = 0;
			knownRegions = (
				en,
				Base,
			);
			mainGroup = EC81C43C260BA0740054153C;
			productRefGroup = EC81C446260BA0740054153C /* Products */;
			projectDirPath = "";
			projectRoot = "";
			targets = (
				EC81C444260BA0740054153C /* PatBudget */,
			);
		};
/* End PBXProject section */

/* Begin PBXResourcesBuildPhase section */
		EC81C443260BA0740054153C /* Resources */ = {
			isa = PBXResourcesBuildPhase;
			buildActionMask = 2147483647;
			files = (
				EC81C450260BA0790054153C /* Preview Assets.xcassets in Resources */,
				EC81C459260BA31B0054153C /* GoogleService-Info.plist in Resources */,
				EC81C44D260BA0790054153C /* Assets.xcassets in Resources */,
			);
			runOnlyForDeploymentPostprocessing = 0;
		};
/* End PBXResourcesBuildPhase section */

/* Begin PBXShellScriptBuildPhase section */
		9B055ABA3F0B13E01F78D943 /* [CP] Check Pods Manifest.lock */ = {
			isa = PBXShellScriptBuildPhase;
			buildActionMask = 2147483647;
			files = (
			);
			inputFileListPaths = (
			);
			inputPaths = (
				"${PODS_PODFILE_DIR_PATH}/Podfile.lock",
				"${PODS_ROOT}/Manifest.lock",
			);
			name = "[CP] Check Pods Manifest.lock";
			outputFileListPaths = (
			);
			outputPaths = (
				"$(DERIVED_FILE_DIR)/Pods-PatBudget-checkManifestLockResult.txt",
			);
			runOnlyForDeploymentPostprocessing = 0;
			shellPath = /bin/sh;
			shellScript = "diff \"${PODS_PODFILE_DIR_PATH}/Podfile.lock\" \"${PODS_ROOT}/Manifest.lock\" > /dev/null\nif [ $? != 0 ] ; then\n    # print error to STDERR\n    echo \"error: The sandbox is not in sync with the Podfile.lock. Run 'pod install' or update your CocoaPods installation.\" >&2\n    exit 1\nfi\n# This output is used by Xcode 'outputs' to avoid re-running this script phase.\necho \"SUCCESS\" > \"${SCRIPT_OUTPUT_FILE_0}\"\n";
			showEnvVarsInLog = 0;
		};
		B81738C94DDB1CEA45DF74B7 /* [CP] Embed Pods Frameworks */ = {
			isa = PBXShellScriptBuildPhase;
			buildActionMask = 2147483647;
			files = (
			);
			inputFileListPaths = (
				"${PODS_ROOT}/Target Support Files/Pods-PatBudget/Pods-PatBudget-frameworks-${CONFIGURATION}-input-files.xcfilelist",
			);
			name = "[CP] Embed Pods Frameworks";
			outputFileListPaths = (
				"${PODS_ROOT}/Target Support Files/Pods-PatBudget/Pods-PatBudget-frameworks-${CONFIGURATION}-output-files.xcfilelist",
			);
			runOnlyForDeploymentPostprocessing = 0;
			shellPath = /bin/sh;
			shellScript = "\"${PODS_ROOT}/Target Support Files/Pods-PatBudget/Pods-PatBudget-frameworks.sh\"\n";
			showEnvVarsInLog = 0;
		};
/* End PBXShellScriptBuildPhase section */

/* Begin PBXSourcesBuildPhase section */
		EC81C441260BA0740054153C /* Sources */ = {
			isa = PBXSourcesBuildPhase;
			buildActionMask = 2147483647;
			files = (
				EC81C44B260BA0740054153C /* ContentView.swift in Sources */,
				EC81C449260BA0740054153C /* PatBudgetApp.swift in Sources */,
			);
			runOnlyForDeploymentPostprocessing = 0;
		};
/* End PBXSourcesBuildPhase section */

/* Begin XCBuildConfiguration section */
		EC81C452260BA0790054153C /* Debug */ = {
			isa = XCBuildConfiguration;
			buildSettings = {
				ALWAYS_SEARCH_USER_PATHS = NO;
				CLANG_ANALYZER_NONNULL = YES;
				CLANG_ANALYZER_NUMBER_OBJECT_CONVERSION = YES_AGGRESSIVE;
				CLANG_CXX_LANGUAGE_STANDARD = "gnu++14";
				CLANG_CXX_LIBRARY = "libc++";
				CLANG_ENABLE_MODULES = YES;
				CLANG_ENABLE_OBJC_ARC = YES;
				CLANG_ENABLE_OBJC_WEAK = YES;
				CLANG_WARN_BLOCK_CAPTURE_AUTORELEASING = YES;
				CLANG_WARN_BOOL_CONVERSION = YES;
				CLANG_WARN_COMMA = YES;
				CLANG_WARN_CONSTANT_CONVERSION = YES;
				CLANG_WARN_DEPRECATED_OBJC_IMPLEMENTATIONS = YES;
				CLANG_WARN_DIRECT_OBJC_ISA_USAGE = YES_ERROR;
				CLANG_WARN_DOCUMENTATION_COMMENTS = YES;
				CLANG_WARN_EMPTY_BODY = YES;
				CLANG_WARN_ENUM_CONVERSION = YES;
				CLANG_WARN_INFINITE_RECURSION = YES;
				CLANG_WARN_INT_CONVERSION = YES;
				CLANG_WARN_NON_LITERAL_NULL_CONVERSION = YES;
				CLANG_WARN_OBJC_IMPLICIT_RETAIN_SELF = YES;
				CLANG_WARN_OBJC_LITERAL_CONVERSION = YES;
				CLANG_WARN_OBJC_ROOT_CLASS = YES_ERROR;
				CLANG_WARN_QUOTED_INCLUDE_IN_FRAMEWORK_HEADER = YES;
				CLANG_WARN_RANGE_LOOP_ANALYSIS = YES;
				CLANG_WARN_STRICT_PROTOTYPES = YES;
				CLANG_WARN_SUSPICIOUS_MOVE = YES;
				CLANG_WARN_UNGUARDED_AVAILABILITY = YES_AGGRESSIVE;
				CLANG_WARN_UNREACHABLE_CODE = YES;
				CLANG_WARN__DUPLICATE_METHOD_MATCH = YES;
				COPY_PHASE_STRIP = NO;
				DEBUG_INFORMATION_FORMAT = dwarf;
				ENABLE_STRICT_OBJC_MSGSEND = YES;
				ENABLE_TESTABILITY = YES;
				GCC_C_LANGUAGE_STANDARD = gnu11;
				GCC_DYNAMIC_NO_PIC = NO;
				GCC_NO_COMMON_BLOCKS = YES;
				GCC_OPTIMIZATION_LEVEL = 0;
				GCC_PREPROCESSOR_DEFINITIONS = (
					"DEBUG=1",
					"$(inherited)",
				);
				GCC_WARN_64_TO_32_BIT_CONVERSION = YES;
				GCC_WARN_ABOUT_RETURN_TYPE = YES_ERROR;
				GCC_WARN_UNDECLARED_SELECTOR = YES;
				GCC_WARN_UNINITIALIZED_AUTOS = YES_AGGRESSIVE;
				GCC_WARN_UNUSED_FUNCTION = YES;
				GCC_WARN_UNUSED_VARIABLE = YES;
				IPHONEOS_DEPLOYMENT_TARGET = 14.4;
				MTL_ENABLE_DEBUG_INFO = INCLUDE_SOURCE;
				MTL_FAST_MATH = YES;
				ONLY_ACTIVE_ARCH = YES;
				SDKROOT = iphoneos;
				SWIFT_ACTIVE_COMPILATION_CONDITIONS = DEBUG;
				SWIFT_OPTIMIZATION_LEVEL = "-Onone";
			};
			name = Debug;
		};
		EC81C453260BA0790054153C /* Release */ = {
			isa = XCBuildConfiguration;
			buildSettings = {
				ALWAYS_SEARCH_USER_PATHS = NO;
				CLANG_ANALYZER_NONNULL = YES;
				CLANG_ANALYZER_NUMBER_OBJECT_CONVERSION = YES_AGGRESSIVE;
				CLANG_CXX_LANGUAGE_STANDARD = "gnu++14";
				CLANG_CXX_LIBRARY = "libc++";
				CLANG_ENABLE_MODULES = YES;
				CLANG_ENABLE_OBJC_ARC = YES;
				CLANG_ENABLE_OBJC_WEAK = YES;
				CLANG_WARN_BLOCK_CAPTURE_AUTORELEASING = YES;
				CLANG_WARN_BOOL_CONVERSION = YES;
				CLANG_WARN_COMMA = YES;
				CLANG_WARN_CONSTANT_CONVERSION = YES;
				CLANG_WARN_DEPRECATED_OBJC_IMPLEMENTATIONS = YES;
				CLANG_WARN_DIRECT_OBJC_ISA_USAGE = YES_ERROR;
				CLANG_WARN_DOCUMENTATION_COMMENTS = YES;
				CLANG_WARN_EMPTY_BODY = YES;
				CLANG_WARN_ENUM_CONVERSION = YES;
				CLANG_WARN_INFINITE_RECURSION = YES;
				CLANG_WARN_INT_CONVERSION = YES;
				CLANG_WARN_NON_LITERAL_NULL_CONVERSION = YES;
				CLANG_WARN_OBJC_IMPLICIT_RETAIN_SELF = YES;
				CLANG_WARN_OBJC_LITERAL_CONVERSION = YES;
				CLANG_WARN_OBJC_ROOT_CLASS = YES_ERROR;
				CLANG_WARN_QUOTED_INCLUDE_IN_FRAMEWORK_HEADER = YES;
				CLANG_WARN_RANGE_LOOP_ANALYSIS = YES;
				CLANG_WARN_STRICT_PROTOTYPES = YES;
				CLANG_WARN_SUSPICIOUS_MOVE = YES;
				CLANG_WARN_UNGUARDED_AVAILABILITY = YES_AGGRESSIVE;
				CLANG_WARN_UNREACHABLE_CODE = YES;
				CLANG_WARN__DUPLICATE_METHOD_MATCH = YES;
				COPY_PHASE_STRIP = NO;
				DEBUG_INFORMATION_FORMAT = "dwarf-with-dsym";
				ENABLE_NS_ASSERTIONS = NO;
				ENABLE_STRICT_OBJC_MSGSEND = YES;
				GCC_C_LANGUAGE_STANDARD = gnu11;
				GCC_NO_COMMON_BLOCKS = YES;
				GCC_WARN_64_TO_32_BIT_CONVERSION = YES;
				GCC_WARN_ABOUT_RETURN_TYPE = YES_ERROR;
				GCC_WARN_UNDECLARED_SELECTOR = YES;
				GCC_WARN_UNINITIALIZED_AUTOS = YES_AGGRESSIVE;
				GCC_WARN_UNUSED_FUNCTION = YES;
				GCC_WARN_UNUSED_VARIABLE = YES;
				IPHONEOS_DEPLOYMENT_TARGET = 14.4;
				MTL_ENABLE_DEBUG_INFO = NO;
				MTL_FAST_MATH = YES;
				SDKROOT = iphoneos;
				SWIFT_COMPILATION_MODE = wholemodule;
				SWIFT_OPTIMIZATION_LEVEL = "-O";
				VALIDATE_PRODUCT = YES;
			};
			name = Release;
		};
		EC81C455260BA0790054153C /* Debug */ = {
			isa = XCBuildConfiguration;
			baseConfigurationReference = B95289DC1D9E5D2A68C13C9D /* Pods-PatBudget.debug.xcconfig */;
			buildSettings = {
				ASSETCATALOG_COMPILER_APPICON_NAME = AppIcon;
				ASSETCATALOG_COMPILER_GLOBAL_ACCENT_COLOR_NAME = AccentColor;
				CODE_SIGN_STYLE = Automatic;
				DEVELOPMENT_ASSET_PATHS = "\"PatBudget/Preview Content\"";
				DEVELOPMENT_TEAM = BC93Q9BZX9;
				ENABLE_PREVIEWS = YES;
				INFOPLIST_FILE = PatBudget/Info.plist;
				IPHONEOS_DEPLOYMENT_TARGET = 14.0;
				LD_RUNPATH_SEARCH_PATHS = (
					"$(inherited)",
					"@executable_path/Frameworks",
				);
				PRODUCT_BUNDLE_IDENTIFIER = com.springmoves.PatBudget;
				PRODUCT_NAME = "$(TARGET_NAME)";
				SWIFT_VERSION = 5.0;
				TARGETED_DEVICE_FAMILY = "1,2";
			};
			name = Debug;
		};
		EC81C456260BA0790054153C /* Release */ = {
			isa = XCBuildConfiguration;
			baseConfigurationReference = 4B0906AAA63A235A5ECE1DB3 /* Pods-PatBudget.release.xcconfig */;
			buildSettings = {
				ASSETCATALOG_COMPILER_APPICON_NAME = AppIcon;
				ASSETCATALOG_COMPILER_GLOBAL_ACCENT_COLOR_NAME = AccentColor;
				CODE_SIGN_STYLE = Automatic;
				DEVELOPMENT_ASSET_PATHS = "\"PatBudget/Preview Content\"";
				DEVELOPMENT_TEAM = BC93Q9BZX9;
				ENABLE_PREVIEWS = YES;
				INFOPLIST_FILE = PatBudget/Info.plist;
				IPHONEOS_DEPLOYMENT_TARGET = 14.0;
				LD_RUNPATH_SEARCH_PATHS = (
					"$(inherited)",
					"@executable_path/Frameworks",
				);
				PRODUCT_BUNDLE_IDENTIFIER = com.springmoves.PatBudget;
				PRODUCT_NAME = "$(TARGET_NAME)";
				SWIFT_VERSION = 5.0;
				TARGETED_DEVICE_FAMILY = "1,2";
			};
			name = Release;
		};
/* End XCBuildConfiguration section */

/* Begin XCConfigurationList section */
		EC81C440260BA0740054153C /* Build configuration list for PBXProject "PatBudget" */ = {
			isa = XCConfigurationList;
			buildConfigurations = (
				EC81C452260BA0790054153C /* Debug */,
				EC81C453260BA0790054153C /* Release */,
			);
			defaultConfigurationIsVisible = 0;
			defaultConfigurationName = Release;
		};
		EC81C454260BA0790054153C /* Build configuration list for PBXNativeTarget "PatBudget" */ = {
			isa = XCConfigurationList;
			buildConfigurations = (
				EC81C455260BA0790054153C /* Debug */,
				EC81C456260BA0790054153C /* Release */,
			);
			defaultConfigurationIsVisible = 0;
			defaultConfigurationName = Release;
		};
/* End XCConfigurationList section */
	};
	rootObject = EC81C43D260BA0740054153C /* Project object */;
}
